// !$*UTF8*$!
{
	archiveVersion = 1;
	classes = {
	};
	objectVersion = 56;
	objects = {

/* Begin PBXBuildFile section */
		84F991F828F1E8A200EB283A /* BetterRestApp.swift in Sources */ = {isa = PBXBuildFile; fileRef = 84F991F728F1E8A200EB283A /* BetterRestApp.swift */; };
		84F991FA28F1E8A200EB283A /* ContentView.swift in Sources */ = {isa = PBXBuildFile; fileRef = 84F991F928F1E8A200EB283A /* Conte