// !$*UTF8*$!
{
	archiveVersion = 1;
	classes = {
	};
	objectVersion = 56;
	objects = {

/* Begin PBXBuildFile section */
		84F991F828F1E8A200EB283A /* BetterRestApp.swift in Sources */ = {isa = PBXBuildFile; fileRef = 84F991F728F1E8A200EB283A /* BetterRestApp.swift */; };
		84F991FA28F1E8A200EB283A /* ContentView.swift in Sources */ = {isa = PBXBuildFile; fileRef = 84F991F928F1E8A200EB283A /* ContentView.swift */; };
		84F991FC28F1E8A300EB283A /* Assets.xcassets in Resources */ = {isa = PBXBuildFile; fileRef = 84F991FB28F1E8A300EB283A /* Assets.xcassets */; };
		84F991FF28F1E8A300EB283A /* Preview Assets.xcassets in Resources */ = {isa = PBXBuildFile; fileRef = 84F991FE28F1E8A300EB283A /* Preview Assets.xcassets */; };
		84F9920828F229CE00EB283A /* SleepCalculator.mlmodel in Sources */ = {isa = PBXBuildFile; fileRef = 84F9920728F229CE00EB283A /* SleepCalculator.mlmodel */; };
/* End PBXBuildFile section */

/* Begin PBXFileReference section */
		84F991F428F1E8A200EB283A /* BetterRest.app */ = {isa = PBXFileReference; explicitFileType = wrapper.application; includeInIndex = 0; path = BetterRest.app; sourceTree = BUILT_PRODUCTS_DIR; };
		84F991F728F1E8A200EB283A /* BetterRestApp.swift */ = {isa = PBXFileReference; lastKnownFileType = sourcecode.swift; path = BetterRestApp.swift; sourceTree = "<group>"; };
		84F991F928F1E8A200EB283A /* ContentView.swift */ = {isa = PBXFileReference; lastKnownFileType = sourcecode.swift; path = ContentView.swift; sourceTree = "<group>"; };
		84F991FB28F1E8A300EB283A /* Assets.xcassets */ = {isa = PBXFileReference; lastKnownFileType = folder.assetcatalog; path = Assets.xcassets; sourceTree = "<group>"; };
		84F991FE28F1E8A300EB283A /* Preview Assets.xcassets */ = {isa = PBXFileReference; lastKnownFileType = folder.assetcatalog; path = "Preview Assets.xcassets"; sourceTree = "<group>"; };
		84F9920728F229CE00EB283A /* SleepCalculator.mlmodel */ = {isa = PBXFileReference; lastKnownFileType = file.mlmodel; path = SleepCalculator.mlmodel; sourceTree = "<group>"; };
/* End PBXFileReference section */

/* Begin PBXFrameworksBuildPhase section */
		84F991F128F1E8A200EB283A /* Frameworks */ = {
			isa = PBXFrameworksBuildPhase;
			buildActionMask = 2147483647;
			files = (
			);
			runOnlyForDeploymentPostprocessing = 0;
		};
/* End PBXFrameworksBuildPhase section */

/* Begin PBXGroup section */
		84F991EB28F1E8A200EB283A = {
			isa = PBXGroup;
			children = (
				84F991F628F1E8A200EB283A /* BetterRest */,
				84F991F528F1E8A200EB283A /* Products */,
			);
			sourceTree = "<group>";
		};
		84F991F528F1E8A200EB283A /* Products */ = {
			isa = PBXGroup;
			children = (
				84F991F428F1E8A200EB283A /* BetterRest.app */,
			);
			name = Products;
			sourceTree = "<group>";
		};
		84F991F628F1E8A200EB283A /* BetterRest */ = {
			isa = PBXGroup;
			children = (
				84F991F728F1E8A200EB283A /* BetterRestApp.swift */,
				84F991F928F1E8A200EB283A /* ContentView.swift */,
				84F9920728F229CE00EB283A /* SleepCalculator.mlmodel */,
				84F991FB28F1E8A300EB283A /* Assets.xcassets */,
				84F991FD28F1E8A300EB283A /* Preview Content */,
			);
			path = BetterRest;
			sourceTree = "<group>";
		};
		84F991FD28F1E8A300EB283A /* Preview Content */ = {
			isa = PBXGroup;
			children = (
				84F991FE28F1E8A300EB283A /* Preview Assets.xcassets */,
			);
			path = "Preview Content";
			sourceTree = "<group>";
		};
/* End PBXGroup section */

/* Begin PBXNativeTarget section */
		84F991F328F1E8A200EB283A /* BetterRest */ = {
			isa = PBXNativeTarget;
			buildConfigurationList = 84F9920228F1E8A300EB283A /* Build configuration list for PBXNativeTarget "BetterRest" */;
			buildPhases = (
				84F991F028F1E8A200EB283A /* Sources */,
				84F991F128F1E8A200EB283A /* Frameworks */,
				84F991F228F1E8A200EB283A /* Resources */,
			);
			buildRules = (
			);
			dependencies = (
			);
			name = BetterRest;
			productName = BetterRest;
			productReference = 84F991F428F1E8A200EB283A /* BetterRest.app */;
			productType = "com.apple.product-type.application";
		};
/* End PBXNativeTarget section */

/* Begin PBXProject section */
		84F991EC28F1E8A200EB283A /* Project object */ = {
			isa = PBXProject;
			attributes = {
				BuildIndependentTargetsInParallel = 1;
				LastSwiftUpdateCheck = 1400;
				LastUpgradeCheck = 1400;
				TargetAttributes = {
					84F991F328F1E8A200EB283A = {
						Created